
Microsoft Visual Studio Solution File, Format Version 12.00
# Visual Studio Version 17
VisualStudioVersion = 17.1.32210.238
MinimumVisualStudioVersion = 10.0.40219.1
Project("{FAE04EC0-301F-11D3-BF4B-00C04F79EFBC}") = "ProductReviewManagement", "ProductReviewManagement.csproj", "{9304324F-8C62-4804-BDE0-ED7C352BD63E}"
EndProject
Global
	GlobalSection(SolutionConfigurationPlatforms) = preSolution
		Debug|Any CPU = Debug|Any CPU
		Release|Any CPU = Release|Any CPU
	EndGlobalSection
	GlobalSection(ProjectConfigurationPlatforms) = postSolution
		{9304324F-8C62-4804-BDE0-ED7C352BD63E}.Debug|Any CPU.ActiveCfg = Debug|Any CPU
		{9304324F-8C62-4804-BDE0-ED7C352BD63E}.Debug|Any CPU.Build.0 = Debug|Any CPU
		{9304324F-8C62-4804-BDE0-ED7C352BD63E}.Release|Any CPU.ActiveCfg = Release|Any CPU
		{9304324F-8C62-4804-BDE0-ED7C352BD63E}.Release|Any CPU.Build.0 = Release|Any CPU
	EndGlobalSection
	GlobalSection(SolutionProperties) = preSolution
		HideSolutionNode = FALSE
	EndGlobalSection
	GlobalSection(ExtensibilityGlobals) = postSolution
		SolutionGuid = {136CBE7D-1C84-4268-BE65-9B95FCBF3B43}
	EndGlobalSection
EndGlobal
